
Microsoft Visual Studio Solution File, Format Version 12.00
# Visual Studio Version 17
VisualStudioVersion = 17.2.32616.157
MinimumVisualStudioVersion = 10.0.40219.1
Project("{9A19103F-16F7-4668-BE54-9A1E7A4F7556}") = "LandscapingTR.Web", "LandscapingTR\LandscapingTR.Web.csproj", "{87D64E0A-E67F-435A-A4EE-7E4EA800E6C9}"
EndProject
Project("{9A19103F-16F7-4668-BE54-9A1E7A4F7556}") = "LandscapingTR.Web.API", "..\LandscapingTRWebAPI\LandscapingTRWebAPI\LandscapingTR.Web.API.csproj", "{59F2CC90-7DC2-4505-B906-D3175F875017}"
EndProject
Project("{9A19103F-16F7-4668-BE54-9A1E7A4F7556}") = "LandscapingTR.Core", "LandScapingTRCore\LandscapingTR.Core.csproj", "{8EA018EA-6EC6-4762-B7F4-922694CF120A}"
EndProject
Project("{9A19103F-16F7-4668-BE54-9A1E7A4F7556}") = "LandscapingTR.Infrastructure", "LandscapingTRInfrastructure\LandscapingTR.Infrastructure.csproj", "{96541B28-EC6C-4613-8AA0-5E8C3DE4D549}"
EndProject
Project("{FAE04EC0-301F-11D3-BF4B-00C04F79EFBC}") = "LandscapingTR.Service", "LandscapingTRService\LandscapingTR.Service.csproj", "{291AAA2C-EE09-4F8C-9D75-0C2DE7F947EC}"
EndProject
Project("{FAE04EC0-301F-11D3-BF4B-00C04F79EFBC}") = "LandscapingTR.Test", "LandscapingTRTest\LandscapingTR.Test.csproj", "{3188EAEF-768B-4421-B19E-87F480770F85}"
EndProject
Global
	GlobalSection(SolutionConfigurationPlatforms) = preSolution
		Debug|Any CPU = Debug|Any CPU
		Release|Any CPU = Release|Any CPU
	EndGlobalSection
	GlobalSection(ProjectConfigurationPlatforms) = postSolution
		{87D64E0A-E67F-435A-A4EE-7E4EA800E6C9}.Debug|Any CPU.ActiveCfg = Debug|Any CPU
		{87D64E0A-E67F-435A-A4EE-7E4EA800E6C9}.Debug|Any CPU.Build.0 = Debug|Any CPU
		{87D64E0A-E67F-435A-A4EE-7E4EA800E6C9}.Release|Any CPU.ActiveCfg = Release|Any CPU
		{87D64E0A-E67F-435A-A4EE-7E4EA800E6C9}.Release|Any CPU.Build.0 = Release|Any CPU
		{59F2CC90-7DC2-4505-B906-D3175F875017}.Debug|Any CPU.ActiveCfg = Debug|Any CPU
		{59F2CC90-7DC2-4505-B906-D3175F875017}.Debug|Any CPU.Build.0 = Debug|Any CPU
		{59F2CC90-7DC2-4505-B906-D3175F875017}.Release|Any CPU.ActiveCfg = Release|Any CPU
		{59F2CC90-7DC2-4505-B906-D3175F875017}.Release|Any CPU.Build.0 = Release|Any CPU
		{8EA018EA-6EC6-4762-B7F4-922694CF120A}.Debug|Any CPU.ActiveCfg = Debug|Any CPU
		{8EA018EA-6EC6-4762-B7F4-922694CF120A}.Debug|Any CPU.Build.0 = Debug|Any CPU
		{8EA018EA-6EC6-4762-B7F4-922694CF120A}.Release|Any CPU.ActiveCfg = Release|Any CPU
		{8EA018EA-6EC6-4762-B7F4-922694CF120A}.Release|Any CPU.Build.0 = Release|Any CPU
		{96541B28-EC6C-4613-8AA0-5E8C3DE4D549}.Debug|Any CPU.ActiveCfg = Debug|Any CPU
		{96541B28-EC6C-4613-8AA0-5E8C3DE4D549}.Debug|Any CPU.Build.0 = Debug|Any CPU
		{96541B28-EC6C-4613-8AA0-5E8C3DE4D549}.Release|Any CPU.ActiveCfg = Release|Any CPU
		{96541B28-EC6C-4613-8AA0-5E8C3DE4D549}.Release|Any CPU.Build.0 = Release|Any CPU
		{291AAA2C-EE09-4F8C-9D75-0C2DE7F947EC}.Debug|Any CPU.ActiveCfg = Debug|Any CPU
		{291AAA2C-EE09-4F8C-9D75-0C2DE7F947EC}.Debug|Any CPU.Build.0 = Debug|Any CPU
		{291AAA2C-EE09-4F8C-9D75-0C2DE7F947EC}.Release|Any CPU.ActiveCfg = Release|Any CPU
		{291AAA2C-EE09-4F8C-9D75-0C2DE7F947EC}.Release|Any CPU.Build.0 = Release|Any CPU
		{3188EAEF-768B-4421-B19E-87F480770F85}.Debug|Any CPU.ActiveCfg = Debug|Any CPU
		{3188EAEF-768B-4421-B19E-87F480770F85}.Debug|Any CPU.Build.0 = Debug|Any CPU
		{3188EAEF-768B-4421-B19E-87F480770F85}.Release|Any CPU.ActiveCfg = Release|Any CPU
		{3188EAEF-768B-4421-B19E-87F480770F85}.Release|Any CPU.Build.0 = Release|Any CPU
	EndGlobalSection
	GlobalSection(SolutionProperties) = preSolution
		HideSolutionNode = FALSE
	EndGlobalSection
	GlobalSection(ExtensibilityGlobals) = postSolution
		SolutionGuid = {7195249A-C243-42B0-BEE7-50AB8001C346}
	EndGlobalSection
EndGlobal
